{
  "name": "app",
  "lockfileVersion": 2,
  "requires": true,
  "packages": {
    "": {
      "dependencies": {
        "@protobuf-ts/grpcweb-transport": "^2.7.0",
        "@protobuf-ts/plugin": "^2.7.0"
      }
    },
    "node_modules/@protobuf-ts/grpcweb-transport": {
      "version": "2.7.0",
      "resolved": "https://registry.npmjs.org/@protobuf-ts/grpcweb-transport/-/grpcweb-transport-2.7.0.tgz",
      "integrity": "sha512-xRWlD0/zulrx+e1hZVGaXpEFl209yzQdi9QBypaZ+lP/8XKC4cbyPM8ABuQXFc/J22Em9FyaXc7NNOcYIl2XSQ==",
      "dependencies": {
        "@protobuf-ts/runtime": "^2.7.0",
        "@protobuf-ts/runtime-rpc": "^2.7.0"
      }
    },
    "node_modules/@protobuf-ts/plugin": {
      "version": "2.7.0",
      "resolved": "https://registry.npmjs.org/@protobuf-ts/plugin/-/plugin-2.7.0.tgz",
      "integrity": "sha512-NpZBNsu7pe9CyjayY+jphHqjV4Ya3rP0Q1ban41pRiFPyFF0G+bpKdChOYxN1gCRz9XQWU9OyMt6fiaAsDpFPA==",
      "dependencies": {
        "@protobuf-ts/plugin-framework": "^2.7.0",
        "@protobuf-ts/protoc": "^2.7.0",
        "@protobuf-ts/runtime": "^2.7.0",
        "@protobuf-ts/runtime-rpc": "^2.7.0",
        "typescript": "^3.9"
      },
      "bin": {
        "protoc-gen-dump": "bin/protoc-gen-dump",
        "protoc-gen-ts": "bin/protoc-gen-ts"
      }
    },
    "node_modules/@protobuf-ts/plugin-framework": {
      "version": "2.7.0",
      "resolved": "https://registry.npmjs.org/@protobuf-ts/plugin-framework/-/plugin-framework-2.7.0.tgz",
      "integrity": "sha512-dnvgUVONeDRr0rv5Jyq4RXVLVZ/NdQ/Boh+FwUFddMesM2EqN/z2vwpNZhraym4Z1Oj27y0fqMMhzkh5e6eJrQ==",
      "dependencies": {
        "@protobuf-ts/runtime": "^2.7.0",
        "typescript": "^3.9"
      }
    },
    "node_modules/@protobuf-ts/protoc": {
      "version": "2.7.0",
      "resolved": "https://registry.npmjs.org/@protobuf-ts/protoc/-/protoc-2.7.0.tgz",
      "integrity": "sha512-YW61nbX9d3mWF44193S+bmWth5eFHxvrePQMUfdY8eEa3PTmhAUwgVCUBeCXEVUWgz1H/E0CnwdjlJgW4vQtOg==",
      "bin": {
        "protoc": "protoc.js"
      }
    },
    "node_modules/@protobuf-ts/runtime": {
      "version": "2.7.0",
      "resolved": "https://registry.npmjs.org/@protobuf-ts/runtime/-/runtime-2.7.0.tgz",
      "integrity": "sha512-CzunTplg81oMkF9MnSYiX2WOdHnAyHKnokZncgOHm5bt8iEfFNnUsMSbsWUus/ulRNIZ9VAVMjutd96vmySQaw=="
    },
    "node_modules/@protobuf-ts/runtime-rpc": {
      "version": "2.7.0",
      "resolved": "https://registry.npmjs.org/@protobuf-ts/runtime-rpc/-/runtime-rpc-2.7.0.tgz",
      "integrity": "sha512-ha2HFJYLam1Zv04roq4MgYgdivoXv3s5uDQpr6jOAflAduNRWpB5IFegvPvtdc89j4xs7vuNPIGyZtP/MgYAXA==",
      "dependencies": {
        "@protobuf-ts/runtime": "^2.7.0"
      }
    },
    "node_modules/typescript": {
      "version": "3.9.10",
      "resolved": "https://registry.npmjs.org/typescript/-/typescript-3.9.10.tgz",
      "integrity": "sha512-w6fIxVE/H1PkLKcCPsFqKE7Kv7QUwhU8qQY2MueZXWx5cPZdwFupLgKK3vntcK98BtNHZtAF4LA/yl2a7k8R6Q==",
      "bin": {
        "tsc": "bin/tsc",
        "tsserver": "bin/tsserver"
      },
      "engines": {
        "node": ">=4.2.0"
      }
    }
  },
  "dependencies": {
    "@protobuf-ts/grpcweb-transport": {
      "version": "2.7.0",
      "resolved": "https://registry.npmjs.org/@protobuf-ts/grpcweb-transport/-/grpcweb-transport-2.7.0.tgz",
      "integrity": "sha512-xRWlD0/zulrx+e1hZVGaXpEFl209yzQdi9QBypaZ+lP/8XKC4cbyPM8ABuQXFc/J22Em9FyaXc7NNOcYIl2XSQ==",
      "requires": {
        "@protobuf-ts/runtime": "^2.7.0",
        "@protobuf-ts/runtime-rpc": "^2.7.0"
      }
    },
    "@protobuf-ts/plugin": {
      "version": "2.7.0",
      "resolved": "https://registry.npmjs.org/@protobuf-ts/plugin/-/plugin-2.7.0.tgz",
      "integrity": "sha512-NpZBNsu7pe9CyjayY+jphHqjV4Ya3rP0Q1ban41pRiFPyFF0G+bpKdChOYxN1gCRz9XQWU9OyMt6fiaAsDpFPA==",
      "requires": {
        "@protobuf-ts/plugin-framework": "^2.7.0",
        "@protobuf-ts/protoc": "^2.7.0",
        "@protobuf-ts/runtime": "^2.7.0",
        "@protobuf-ts/runtime-rpc": "^2.7.0",
        "typescript": "^3.9"
      }
    },
    "@protobuf-ts/plugin-framework": {
      "version": "2.7.0",
      "resolved": "https://registry.npmjs.org/@protobuf-ts/plugin-framework/-/plugin-framework-2.7.0.tgz",
      "integrity": "sha512-dnvgUVONeDRr0rv5Jyq4RXVLVZ/NdQ/Boh+FwUFddMesM2EqN/z2vwpNZhraym4Z1Oj27y0fqMMhzkh5e6eJrQ==",
      "requires": {
        "@protobuf-ts/runtime": "^2.7.0",
        "typescript": "^3.9"
      }
    },
    "@protobuf-ts/protoc": {
      "version": "2.7.0",
      "resolved": "https://registry.npmjs.org/@protobuf-ts/protoc/-/protoc-2.7.0.tgz",
      "integrity": "sha512-YW61nbX9d3mWF44193S+bmWth5eFHxvrePQMUfdY8eEa3PTmhAUwgVCUBeCXEVUWgz1H/E0CnwdjlJgW4vQtOg=="
    },
    "@protobuf-ts/runtime": {
      "version": "2.7.0",
      "resolved": "https://registry.npmjs.org/@protobuf-ts/runtime/-/runtime-2.7.0.tgz",
      "integrity": "sha512-CzunTplg81oMkF9MnSYiX2WOdHnAyHKnokZncgOHm5bt8iEfFNnUsMSbsWUus/ulRNIZ9VAVMjutd96vmySQaw=="
    },
    "@protobuf-ts/runtime-rpc": {
      "version": "2.7.0",
      "resolved": "https://registry.npmjs.org/@protobuf-ts/runtime-rpc/-/runtime-rpc-2.7.0.tgz",
      "integrity": "sha512-ha2HFJYLam1Zv04roq4MgYgdivoXv3s5uDQpr6jOAflAduNRWpB5IFegvPvtdc89j4xs7vuNPIGyZtP/MgYAXA==",
      "requires": {
        "@protobuf-ts/runtime": "^2.7.0"
      }
    },
    "typescript": {
      "version": "3.9.10",
      "resolved": "https://registry.npmjs.org/typescript/-/typescript-3.9.10.tgz",
      "integrity": "sha512-w6fIxVE/H1PkLKcCPsFqKE7Kv7QUwhU8qQY2MueZXWx5cPZdwFupLgKK3vntcK98BtNHZtAF4LA/yl2a7k8R6Q=="
    }
  }
}
